// !$*UTF8*$!
{
	archiveVersion = 1;
	classes = {
	};
	objectVersion = 55;
	objects = {

/* Begin PBXBuildFile section */
		59091F5C28209CA400A0C59C /* FirebaseAnalytics in Frameworks */ = {isa = PBXBuildFile; productRef = 59091F5B28209CA400A0C59C /* FirebaseAnalytics */; };
		59091F5E28209CA400A0C59C /* FirebaseAnalyticsSwift-Beta in Frameworks */ = {isa = PBXBuildFile; productRef = 59091F5D28209CA400A0C59C /* FirebaseAnalyticsSwift-Beta */; };
		59091F6028209CA400A0C59C /* FirebaseAnalyticsWithoutAdIdSupport in Frameworks */ = {isa = PBXBuildFile; productRef = 59091F5F28209CA400A0C59C /* FirebaseAnalyticsWithoutAdIdSupport */; };
		59091F6228209CA400A0C59C /* FirebaseAppCheck in Frameworks */ = {isa = PBXBuildFile; productRef = 59091F6128209CA400A0C59C /* FirebaseAppCheck */; };
		59091F6428209CA400A0C59C /* FirebaseAppDistribution-Beta in Frameworks */ = {isa = PBXBuildFile; productRef = 59091F6328209CA400A0C59C /* FirebaseAppDistribution-Beta */; };
		59091F6628209CA400A0C59C /* FirebaseAuth in Frameworks */ = {isa = PBXBuildFile; productRef = 59091F6528209CA400A0C59C /* FirebaseAuth */; };
		59091F6828209CA400A0C59C /* FirebaseAuthCombine-Community in Frameworks */ = {isa = PBXBuildFile; productRef = 59091F6728209CA400A0C59C /* FirebaseAuthCombine-Community */; };
		59091F6A28209CA400A0C59C /* FirebaseCrashlytics in Frameworks */ = {isa = PBXBuildFile; productRef = 59091F6928209CA400A0C59C /* FirebaseCrashlytics */; };
		59091F6C28209CA400A0C59C /* FirebaseDatabase in Frameworks */ = {isa = PBXBuildFile; productRef = 59091F6B28209CA400A0C59C /* FirebaseDatabase */; };
		59091F6E28209CA400A0C59C /* FirebaseDatabaseSwift-Beta in Frameworks */ = {isa = PBXBuildFile; productRef = 59091F6D28209CA400A0C59C /* FirebaseDatabaseSwift-Beta */; };
		59091F7028209CA400A0C59C /* FirebaseDynamicLinks in Frameworks */ = {isa = PBXBuildFile; productRef = 59091F6F28209CA400A0C59C /* FirebaseDynamicLinks */; };
		59091F7228209CA400A0C59C /* FirebaseFirestore in Frameworks */ = {isa = PBXBuildFile; productRef = 59091F7128209CA400A0C59C /* FirebaseFirestore */; };
		59091F7428209CA400A0C59C /* FirebaseFirestoreCombine-Community in Frameworks */ = {isa = PBXBuildFile; productRef = 59091F7328209CA400A0C59C /* FirebaseFirestoreCombine-Community */; };
		59091F7628209CA400A0C59C /* FirebaseFirestoreSwift-Beta in Frameworks */ = {isa = PBXBuildFile; productRef = 59091F7528209CA400A0C59C /* FirebaseFirestoreSwift-Beta */; };
		59091F7828209CA400A0C59C /* FirebaseFunctions in Frameworks */ = {isa = PBXBuildFile; productRef = 59091F7728209CA400A0C59C /* FirebaseFunctions */; };
		59091F7A28209CA400A0C59C /* FirebaseFunctionsCombine-Community in Frameworks */ = {isa = PBXBuildFile; productRef = 59091F7928209CA400A0C59C /* FirebaseFunctionsCombine-Community */; };
		59091F7C28209CA400A0C59C /* FirebaseFunctionsSwift-Beta in Frameworks */ = {isa = PBXBuildFile; productRef = 59091F7B28209CA400A0C59C /* FirebaseFunctionsSwift-Beta */; };
		59091F7E28209CA400A0C59C /* FirebaseInAppMessaging-Beta in Frameworks */ = {isa = PBXBuildFile; productRef = 59091F7D28209CA400A0C59C /* FirebaseInAppMessaging-Beta */; };
		59091F8028209CA400A0C59C /* FirebaseInAppMessagingSwift-Beta in Frameworks */ = {isa = PBXBuildFile; productRef = 59091F7F28209CA400A0C59C /* FirebaseInAppMessagingSwift-Beta */; };
		59091F8228209CA400A0C59C /* FirebaseInstallations in Frameworks */ = {isa = PBXBuildFile; productRef = 59091F8128209CA400A0C59C /* FirebaseInstallations */; };
		59091F8428209CA400A0C59C /* FirebaseMLModelDownloader in Frameworks */ = {isa = PBXBuildFile; productRef = 59091F8328209CA400A0C59C /* FirebaseMLModelDownloader */; };
		59091F8628209CA400A0C59C /* FirebaseMessaging in Frameworks */ = {isa = PBXBuildFile; productRef = 59091F8528209CA400A0C59C /* FirebaseMessaging */; };
		59091F8828209CA400A0C59C /* FirebasePerformance in Frameworks */ = {isa = PBXBuildFile; productRef = 59091F8728209CA400A0C59C /* FirebasePerformance */; };
		59091F8A28209CA400A0C59C /* FirebaseRemoteConfig in Frameworks */ = {isa = PBXBuildFile; productRef = 59091F8928209CA400A0C59C /* FirebaseRemoteConfig */; };
		59091F8C28209CA400A0C59C /* FirebaseRemoteConfigSwift-Beta in Frameworks */ = {isa = PBXBuildFile; productRef = 59091F8B28209CA400A0C59C /* FirebaseRemoteConfigSwift-Beta */; };
		59091F8E28209CA400A0C59C /* FirebaseStorage in Frameworks */ = {isa = PBXBuildFile; productRef = 59091F8D28209CA400A0C59C /* FirebaseStorage */; };
		59091F9028209CA400A0C59C /* FirebaseStorageCombine-Community in Frameworks */ = {isa = PBXBuildFile; productRef = 59091F8F28209CA400A0C59C /* FirebaseStorageCombine-Community */; };
		59091F9228209CA400A0C59C /* FirebaseStorageSwift-Beta in Frameworks */ = {isa = PBXBuildFile; productRef = 59091F9128209CA400A0C59C /* FirebaseStorageSwift-Beta */; };
		59091F982820A0D100A0C59C /* GoogleService-Info.plist in Resources */ = {isa = PBXBuildFile; fileRef = 59091F972820A0D100A0C59C /* GoogleService-Info.plist */; };
		59091FA62820A88200A0C59C /* Roboto-Bold.ttf in Resources */ = {isa = PBXBuildFile; fileRef = 59091FA32820A86B00A0C59C /* Roboto-Bold.ttf */; };
		59091FA72820A88200A0C59C /* Roboto-Regular.ttf in Resources */ = {isa = PBXBuildFile; fileRef = 59091F9A2820A86B00A0C59C /* Roboto-Regular.ttf */; };
		59091FA82820A88200A0C59C /* Roboto-Light.ttf in Resources */ = {isa = PBXBuildFile; fileRef = 59091F9C2820A86B00A0C59C /* Roboto-Light.ttf */; };
		59091FA92820A88200A0C59C /* Roboto-BoldItalic.ttf in Resources */ = {isa = PBXBuildFile; fileRef = 59091FA12820A86B00A0C59C /* Roboto-BoldItalic.ttf */; };
		59091FAA2820A88200A0C59C /* Roboto-MediumItalic.ttf in Resources */ = {isa = PBXBuildFile; fileRef = 59091FA42820A86B00A0C59C /* Roboto-MediumItalic.ttf */; };
		59091FAB2820A88200A0C59C /* Roboto-Medium.ttf in Resources */ = {isa = PBXBuildFile; fileRef = 59091F9F2820A86B00A0C59C /* Roboto-Medium.ttf */; };
		59091FAC2820A88200A0C59C /* Roboto-Thin.ttf in Resources */ = {isa = PBXBuildFile; fileRef = 59091F9E2820A86B00A0C59C /* Roboto-Thin.ttf */; };
		59091FAD2820A88200A0C59C /* Roboto-Black.ttf in Resources */ = {isa = PBXBuildFile; fileRef = 59091F9D2820A86B00A0C59C /* Roboto-Black.ttf */; };
		59091FAE2820A88200A0C59C /* Roboto-BlackItalic.ttf in Resources */ = {isa = PBXBuildFile; fileRef = 59091FA02820A86B00A0C59C /* Roboto-BlackItalic.ttf */; };
		59091FAF2820A88200A0C59C /* Roboto-Italic.ttf in Resources */ = {isa = PBXBuildFile; fileRef = 59091FA52820A86B00A0C59C /* Roboto-Italic.ttf */; };
		59091FB02820A88200A0C59C /* Roboto-LightItalic.ttf in Resources */ = {isa = PBXBuildFile; fileRef = 59091FA22820A86B00A0C59C /* Roboto-LightItalic.ttf */; };
		59091FB12820A88200A0C59C /* Roboto-ThinItalic.ttf in Resources */ = {isa = PBXBuildFile; fileRef = 59091F9B2820A86B00A0C59C /* Roboto-ThinItalic.ttf */; };
		EE110999280EA08D00F99B59 /* HealthJournalApp.swift in Sources */ = {isa = PBXBuildFile; fileRef = EE110998280EA08D00F99B59 /* HealthJournalApp.swift */; };
		EE11099B280EA08D00F99B59 /* ContentView.swift in Sources */ = {isa = PBXBuildFile; fileRef = EE11099A280EA08D00F99B59 /* ContentView.swift */; };
		EE11099D280EA08F00F99B59 /* Assets.xcassets in Resources */ = {isa = PBXBuildFile; fileRef = EE11099C280EA08F00F99B59 /* Assets.xcassets */; };
		EE1109A0280EA08F00F99B59 /* Preview Assets.xcassets in Resources */ = {isa = PBXBuildFile; fileRef = EE11099F280EA08F00F99B59 /* Preview Assets.xcassets */; };
		EE1109AA280EA6C200F99B59 /* Journal.swift in Sources */ = {isa = PBXBuildFile; fileRef = EE1109A9280EA6C200F99B59 /* Journal.swift */; };
		EE1109AC280EA97700F99B59 /* JournalView.swift in Sources */ = {isa = PBXBuildFile; fileRef = EE1109AB280EA97700F99B59 /* JournalView.swift */; };
		EE1109B0280FF0EF00F99B59 /* LandingPage.swift in Sources */ = {isa = PBXBuildFile; fileRef = EE1109AF280FF0EF00F99B59 /* LandingPage.swift */; };
		EE1109B2280FF70B00F99B59 /* QuoteView.swift in Sources */ = {isa = PBXBuildFile; fileRef = EE1109B1280FF70A00F99B59 /* QuoteView.swift */; };
		EE1109B828165F1100F99B59 /* SelectionRow.swift in Sources */ = {isa = PBXBuildFile; fileRef = EE1109B728165F1100F99B59 /* SelectionRow.swift */; };
		EE1109BA28165F4100F99B59 /* QuizPage.swift in Sources */ = {isa = PBXBuildFile; fileRef = EE1109B928165F4100F99B59 /* QuizPage.swift */; };
		EE1109BC2816690E00F99B59 /* JournalListView.swift in Sources */ = {isa = PBXBuildFile; fileRef = EE1109BB2816690E00F99B59 /* JournalListView.swift */; };
		EE1109BE28166B5500F99B59 /* Tab.swift in Sources */ = {isa = PBXBuildFile; fileRef = EE1109BD28166B5500F99B59 /* Tab.swift */; };
		EE1109C028166CC600F99B59 /* MainPage.swift in Sources */ = {isa = PBXBuildFile; fileRef = EE1109BF28166CC600F99B59 /* MainPage.swift */; };
		EE522EE02817BC0500126427 /* JournalListViewModel.swift in Sources */ = {isa = PBXBuildFile; fileRef = EE522EDF2817BC0500126427 /* JournalListViewModel.swift */; };
		EE522EE228193E5E00126427 /* JournalViewModel.swift in Sources */ = {isa = PBXBuildFile; fileRef = EE522EE128193E5E00126427 /* JournalViewModel.swift */; };
		EE522EE5281BD27400126427 /* AuthenticationService.swift in Sources */ = {isa = PBXBuildFile; fileRef = EE522EE4281BD27400126427 /* AuthenticationService.swift */; };
		EE522EE9281EBC8700126427 /* JournalEntryView.swift in Sources */ = {isa = PBXBuildFile; fileRef = EE522EE8281EBC8700126427 /* JournalEntryView.swift */; };
		EEE8EDB8281784BE009ED204 /* JournalRepository.swift in Sources */ = {isa = PBXBuildFile; fileRef = EEE8EDB7281784BE009ED204 /* JournalRepository.swift */; };
/* End PBXBuildFile section */

/* Begin PBXFileReference section */
		59091F972820A0D100A0C59C /* GoogleService-Info.plist */ = {isa = PBXFileReference; fileEncoding = 4; lastKnownFileType = text.plist.xml; path = "GoogleService-Info.plist"; sourceTree = "<group>"; };
		59091F9A2820A86B00A0C59C /* Roboto-Regular.ttf */ = {isa = PBXFileReference; lastKnownFileType = file; name = "Roboto-Regular.ttf"; path = "../../../../../Downloads/Roboto/Roboto-Regular.ttf"; sourceTree = "<group>"; };
		59091F9B2820A86B00A0C59C /* Roboto-ThinItalic.ttf */ = {isa = PBXFileReference; lastKnownFileType = file; name = "Roboto-ThinItalic.ttf"; path = "../../../../../Downloads/Roboto/Roboto-ThinItalic.ttf"; sourceTree = "<group>"; };
		59091F9C2820A86B00A0C59C /* Roboto-Light.ttf */ = {isa = PBXFileReference; lastKnownFileType = file; name = "Roboto-Light.ttf"; path = "../../../../../Downloads/Roboto/Roboto-Light.ttf"; sourceTree = "<group>"; };
		59091F9D2820A86B00A0C59C /* Roboto-Black.ttf */ = {isa = PBXFileReference; lastKnownFileType = file; name = "Roboto-Black.ttf"; path = "../../../../../Downloads/Roboto/Roboto-Black.ttf"; sourceTree = "<group>"; };
		59091F9E2820A86B00A0C59C /* Roboto-Thin.ttf */ = {isa = PBXFileReference; lastKnownFileType = file; name = "Roboto-Thin.ttf"; path = "../../../../../Downloads/Roboto/Roboto-Thin.ttf"; sourceTree = "<group>"; };
		59091F9F2820A86B00A0C59C /* Roboto-Medium.ttf */ = {isa = PBXFileReference; lastKnownFileType = file; name = "Roboto-Medium.ttf"; path = "../../../../../Downloads/Roboto/Roboto-Medium.ttf"; sourceTree = "<group>"; };
		59091FA02820A86B00A0C59C /* Roboto-BlackItalic.ttf */ = {isa = PBXFileReference; lastKnownFileType = file; name = "Roboto-BlackItalic.ttf"; path = "../../../../../Downloads/Roboto/Roboto-BlackItalic.ttf"; sourceTree = "<group>"; };
		59091FA12820A86B00A0C59C /* Roboto-BoldItalic.ttf */ = {isa = PBXFileReference; lastKnownFileType = file; name = "Roboto-BoldItalic.ttf"; path = "../../../../../Downloads/Roboto/Roboto-BoldItalic.ttf"; sourceTree = "<group>"; };
		59091FA22820A86B00A0C59C /* Roboto-LightItalic.ttf */ = {isa = PBXFileReference; lastKnownFileType = file; name = "Roboto-LightItalic.ttf"; path = "../../../../../Downloads/Roboto/Roboto-LightItalic.ttf"; sourceTree = "<group>"; };
		59091FA32820A86B00A0C59C /* Roboto-Bold.ttf */ = {isa = PBXFileReference; lastKnownFileType = file; name = "Roboto-Bold.ttf"; path = "../../../../../Downloads/Roboto/Roboto-Bold.ttf"; sourceTree = "<group>"; };
		59091FA42820A86B00A0C59C /* Roboto-MediumItalic.ttf */ = {isa = PBXFileReference; lastKnownFileType = file; name = "Roboto-MediumItalic.ttf"; path = "../../../../../Downloads/Roboto/Roboto-MediumItalic.ttf"; sourceTree = "<group>"; };
		59091FA52820A86B00A0C59C /* Roboto-Italic.ttf */ = {isa = PBXFileReference; lastKnownFileType = file; name = "Roboto-Italic.ttf"; path = "../../../../../Downloads/Roboto/Roboto-Italic.ttf"; sourceTree = "<group>"; };
		59091FB22820A99D00A0C59C /* Info.plist */ = {isa = PBXFileReference; lastKnownFileType = text.plist; path = Info.plist; sourceTree = "<group>"; };
		EE110995280EA08D00F99B59 /* HealthJournal.app */ = {isa = PBXFileReference; explicitFileType = wrapper.application; includeInIndex = 0; path = HealthJournal.app; sourceTree = BUILT_PRODUCTS_DIR; };
		EE110998280EA08D00F99B59 /* HealthJournalApp.swift */ = {isa = PBXFileReference; lastKnownFileType = sourcecode.swift; path = HealthJournalApp.swift; sourceTree = "<group>"; };
		EE11099A280EA08D00F99B59 /* ContentView.swift */ = {isa = PBXFileReference; lastKnownFileType = sourcecode.swift; path = ContentView.swift; sourceTree = "<group>"; };
		EE11099C280EA08F00F99B59 /* Assets.xcassets */ = {isa = PBXFileReference; lastKnownFileType = folder.assetcatalog; path = Assets.xcassets; sourceTree = "<group>"; };
		EE11099F280EA08F00F99B59 /* Preview Assets.xcassets */ = {isa = PBXFileReference; lastKnownFileType = folder.assetcatalog; path = "Preview Assets.xcassets"; sourceTree = "<group>"; };
		EE1109A9280EA6C200F99B59 /* Journal.swift */ = {isa = PBXFileReference; lastKnownFileType = sourcecode.swift; path = Journal.swift; sourceTree = "<group>"; };
		EE1109AB280EA97700F99B59 /* JournalView.swift */ = {isa = PBXFileReference; lastKnownFileType = sourcecode.swift; path = JournalView.swift; sourceTree = "<group>"; };
		EE1109AF280FF0EF00F99B59 /* LandingPage.swift */ = {isa = PBXFileReference; lastKnownFileType = sourcecode.swift; path = LandingPage.swift; sourceTree = "<group>"; };
		EE1109B1280FF70A00F99B59 /* QuoteView.swift */ = {isa = PBXFileReference; lastKnownFileType = sourcecode.swift; path = QuoteView.swift; sourceTree = "<group>"; };
		EE1109B728165F1100F99B59 /* SelectionRow.swift */ = {isa = PBXFileReference; lastKnownFileType = sourcecode.swift; path = SelectionRow.swift; sourceTree = "<group>"; };
		EE1109B928165F4100F99B59 /* QuizPage.swift */ = {isa = PBXFileReference; lastKnownFileType = sourcecode.swift; path = QuizPage.swift; sourceTree = "<group>"; };
		EE1109BB2816690E00F99B59 /* JournalListView.swift */ = {isa = PBXFileReference; lastKnownFileType = sourcecode.swift; path = JournalListView.swift; sourceTree = "<group>"; };
		EE1109BD28166B5500F99B59 /* Tab.swift */ = {isa = PBXFileReference; lastKnownFileType = sourcecode.swift; path = Tab.swift; sourceTree = "<group>"; };
		EE1109BF28166CC600F99B59 /* MainPage.swift */ = {isa = PBXFileReference; lastKnownFileType = sourcecode.swift; path = MainPage.swift; sourceTree = "<group>"; };
		EE522EDF2817BC0500126427 /* JournalListViewModel.swift */ = {isa = PBXFileReference; lastKnownFileType = sourcecode.swift; path = JournalListViewModel.swift; sourceTree = "<group>"; };
		EE522EE128193E5E00126427 /* JournalViewModel.swift */ = {isa = PBXFileReference; lastKnownFileType = sourcecode.swift; path = JournalViewModel.swift; sourceTree = "<group>"; };
		EE522EE4281BD27400126427 /* AuthenticationService.swift */ = {isa = PBXFileReference; lastKnownFileType = sourcecode.swift; path = AuthenticationService.swift; sourceTree = "<group>"; };
		EE522EE8281EBC8700126427 /* JournalEntryView.swift */ = {isa = PBXFileReference; lastKnownFileType = sourcecode.swift; path = JournalEntryView.swift; sourceTree = "<group>"; };
		EEE8EDB7281784BE009ED204 /* JournalRepository.swift */ = {isa = PBXFileReference; lastKnownFileType = sourcecode.swift; path = JournalRepository.swift; sourceTree = "<group>"; };
/* End PBXFileReference section */

/* Begin PBXFrameworksBuildPhase section */
		EE110992280EA08D00F99B59 /* Frameworks */ = {
			isa = PBXFrameworksBuildPhase;
			buildActionMask = 2147483647;
			files = (
				59091F7428209CA400A0C59C /* FirebaseFirestoreCombine-Community in Frameworks */,
				59091F6E28209CA400A0C59C /* FirebaseDatabaseSwift-Beta in Frameworks */,
				59091F7028209CA400A0C59C /* FirebaseDynamicLinks in Frameworks */,
				59091F6228209CA400A0C59C /* FirebaseAppCheck in Frameworks */,
				59091F6628209CA400A0C59C /* FirebaseAuth in Frameworks */,
				59091F9228209CA400A0C59C /* FirebaseStorageSwift-Beta in Frameworks */,
				59091F5E28209CA400A0C59C /* FirebaseAnalyticsSwift-Beta in Frameworks */,
				59091F8C28209CA400A0C59C /* FirebaseRemoteConfigSwift-Beta in Frameworks */,
				59091F8428209CA400A0C59C /* FirebaseMLModelDownloader in Frameworks */,
				59091F7228209CA400A0C59C /* FirebaseFirestore in Frameworks */,
				59091F7A28209CA400A0C59C /* FirebaseFunctionsCombine-Community in Frameworks */,
				59091F6428209CA400A0C59C /* FirebaseAppDistribution-Beta in Frameworks */,
				59091F6028209CA400A0C59C /* FirebaseAnalyticsWithoutAdIdSupport in Frameworks */,
				59091F7628209CA400A0C59C /* FirebaseFirestoreSwift-Beta in Frameworks */,
				59091F7E28209CA400A0C59C /* FirebaseInAppMessaging-Beta in Frameworks */,
				59091F6A28209CA400A0C59C /* FirebaseCrashlytics in Frameworks */,
				59091F6C28209CA400A0C59C /* FirebaseDatabase in Frameworks */,
				59091F9028209CA400A0C59C /* FirebaseStorageCombine-Community in Frameworks */,
				59091F8A28209CA400A0C59C /* FirebaseRemoteConfig in Frameworks */,
				59091F7C28209CA400A0C59C /* FirebaseFunctionsSwift-Beta in Frameworks */,
				59091F7828209CA400A0C59C /* FirebaseFunctions in Frameworks */,
				59091F8828209CA400A0C59C /* FirebasePerformance in Frameworks */,
				59091F8028209CA400A0C59C /* FirebaseInAppMessagingSwift-Beta in Frameworks */,
				59091F8E28209CA400A0C59C /* FirebaseStorage in Frameworks */,
				59091F6828209CA400A0C59C /* FirebaseAuthCombine-Community in Frameworks */,
				59091F5C28209CA400A0C59C /* FirebaseAnalytics in Frameworks */,
				59091F8628209CA400A0C59C /* FirebaseMessaging in Frameworks */,
				59091F8228209CA400A0C59C /* FirebaseInstallations in Frameworks */,
			);
			runOnlyForDeploymentPostprocessing = 0;
		};
/* End PBXFrameworksBuildPhase section */

/* Begin PBXGroup section */
		59091F992820A85100A0C59C /* fonts */ = {
			isa = PBXGroup;
			children = (
				59091F9D2820A86B00A0C59C /* Roboto-Black.ttf */,
				59091FA02820A86B00A0C59C /* Roboto-BlackItalic.ttf */,
				59091FA32820A86B00A0C59C /* Roboto-Bold.ttf */,
				59091FA12820A86B00A0C59C /* Roboto-BoldItalic.ttf */,
				59091FA52820A86B00A0C59C /* Roboto-Italic.ttf */,
				59091F9C2820A86B00A0C59C /* Roboto-Light.ttf */,
				59091FA22820A86B00A0C59C /* Roboto-LightItalic.ttf */,
				59091F9F2820A86B00A0C59C /* Roboto-Medium.ttf */,
				59091FA42820A86B00A0C59C /* Roboto-MediumItalic.ttf */,
				59091F9A2820A86B00A0C59C /* Roboto-Regular.ttf */,
				59091F9E2820A86B00A0C59C /* Roboto-Thin.ttf */,
				59091F9B2820A86B00A0C59C /* Roboto-ThinItalic.ttf */,
			);
			path = fonts;
			sourceTree = "<group>";
		};
		EE11098C280EA08D00F99B59 = {
			isa = PBXGroup;
			children = (
				EE110997280EA08D00F99B59 /* HealthJournal */,
				EE110996280EA08D00F99B59 /* Products */,
			);
			sourceTree = "<group>";
		};
		EE110996280EA08D00F99B59 /* Products */ = {
			isa = PBXGroup;
			children = (
				EE110995280EA08D00F99B59 /* HealthJournal.app */,
			);
			name = Products;
			sourceTree = "<group>";
		};
		EE110997280EA08D00F99B59 /* HealthJournal */ = {
			isa = PBXGroup;
			children = (
				59091FB22820A99D00A0C59C /* Info.plist */,
				59091F992820A85100A0C59C /* fonts */,
				59091F972820A0D100A0C59C /* GoogleService-Info.plist */,
				EE522EE3281BD25D00126427 /* Authentication */,
				EE110998280EA08D00F99B59 /* HealthJournalApp.swift */,
				EE1109A8280EA6AB00F99B59 /* ViewModels */,
				EE1109A7280EA0A900F99B59 /* Models */,
				EE1109A6280EA09800F99B59 /* Views */,
				EEE8EDB6281782CF009ED204 /* Repositories */,
				EE11099C280EA08F00F99B59 /* Assets.xcassets */,
				EE11099E280EA08F00F99B59 /* Preview Content */,
				EE1109B728165F1100F99B59 /* SelectionRow.swift */,
				EE1109BD28166B5500F99B59 /* Tab.swift */,
			);
			path = HealthJournal;
			sourceTree = "<group>";
		};
		EE11099E280EA08F00F99B59 /* Preview Content */ = {
			isa = PBXGroup;
			children = (
				EE11099A280EA08D00F99B59 /* ContentView.swift */,
				EE11099F280EA08F00F99B59 /* Preview Assets.xcassets */,
			);
			path = "Preview Content";
			sourceTree = "<group>";
		};
		EE1109A6280EA09800F99B59 /* Views */ = {
			isa = PBXGroup;
			children = (
				EE1109AF280FF0EF00F99B59 /* LandingPage.swift */,
				EE1109B928165F4100F99B59 /* QuizPage.swift */,
				EE1109AB280EA97700F99B59 /* JournalView.swift */,
				EE1109B1280FF70A00F99B59 /* QuoteView.swift */,
				EE1109BB2816690E00F99B59 /* JournalListView.swift */,
				EE522EE8281EBC8700126427 /* JournalEntryView.swift */,
				EE1109BF28166CC600F99B59 /* MainPage.swift */,
			);
			path = Views;
			sourceTree = "<group>";
		};
		EE1109A7280EA0A900F99B59 /* Models */ = {
			isa = PBXGroup;
			children = (
				EE1109A9280EA6C200F99B59 /* Journal.swift */,
			);
			path = Models;
			sourceTree = "<group>";
		};
		EE1109A8280EA6AB00F99B59 /* ViewModels */ = {
			isa = PBXGroup;
			children = (
				EE522EDF2817BC0500126427 /* JournalListViewModel.swift */,
				EE522EE128193E5E00126427 /* JournalViewModel.swift */,
			);
			path = ViewModels;
			sourceTree = "<group>";
		};
		EE522EE3281BD25D00126427 /* Authentication */ = {
			isa = PBXGroup;
			children = (
				EE522EE4281BD27400126427 /* AuthenticationService.swift */,
			);
			path = Authentication;
			sourceTree = "<group>";
		};
		EEE8EDB6281782CF009ED204 /* Repositories */ = {
			isa = PBXGroup;
			children = (
				EEE8EDB7281784BE009ED204 /* JournalRepository.swift */,
			);
			path = Repositories;
			sourceTree = "<group>";
		};
/* End PBXGroup section */

/* Begin PBXNativeTarget section */
		EE110994280EA08D00F99B59 /* HealthJournal */ = {
			isa = PBXNativeTarget;
			buildConfigurationList = EE1109A3280EA08F00F99B59 /* Build configuration list for PBXNativeTarget "HealthJournal" */;
			buildPhases = (
				EE110991280EA08D00F99B59 /* Sources */,
				EE110992280EA08D00F99B59 /* Frameworks */,
				EE110993280EA08D00F99B59 /* Resources */,
			);
			buildRules = (
			);
			dependencies = (
			);
			name = HealthJournal;
			packageProductDependencies = (
				59091F5B28209CA400A0C59C /* FirebaseAnalytics */,
				59091F5D28209CA400A0C59C /* FirebaseAnalyticsSwift-Beta */,
				59091F5F28209CA400A0C59C /* FirebaseAnalyticsWithoutAdIdSupport */,
				59091F6128209CA400A0C59C /* FirebaseAppCheck */,
				59091F6328209CA400A0C59C /* FirebaseAppDistribution-Beta */,
				59091F6528209CA400A0C59C /* FirebaseAuth */,
				59091F6728209CA400A0C59C /* FirebaseAuthCombine-Community */,
				59091F6928209CA400A0C59C /* FirebaseCrashlytics */,
				59091F6B28209CA400A0C59C /* FirebaseDatabase */,
				59091F6D28209CA400A0C59C /* FirebaseDatabaseSwift-Beta */,
				59091F6F28209CA400A0C59C /* FirebaseDynamicLinks */,
				59091F7128209CA400A0C59C /* FirebaseFirestore */,
				59091F7328209CA400A0C59C /* FirebaseFirestoreCombine-Community */,
				59091F7528209CA400A0C59C /* FirebaseFirestoreSwift-Beta */,
				59091F7728209CA400A0C59C /* FirebaseFunctions */,
				59091F7928209CA400A0C59C /* FirebaseFunctionsCombine-Community */,
				59091F7B28209CA400A0C59C /* FirebaseFunctionsSwift-Beta */,
				59091F7D28209CA400A0C59C /* FirebaseInAppMessaging-Beta */,
				59091F7F28209CA400A0C59C /* FirebaseInAppMessagingSwift-Beta */,
				59091F8128209CA400A0C59C /* FirebaseInstallations */,
				59091F8328209CA400A0C59C /* FirebaseMLModelDownloader */,
				59091F8528209CA400A0C59C /* FirebaseMessaging */,
				59091F8728209CA400A0C59C /* FirebasePerformance */,
				59091F8928209CA400A0C59C /* FirebaseRemoteConfig */,
				59091F8B28209CA400A0C59C /* FirebaseRemoteConfigSwift-Beta */,
				59091F8D28209CA400A0C59C /* FirebaseStorage */,
				59091F8F28209CA400A0C59C /* FirebaseStorageCombine-Community */,
				59091F9128209CA400A0C59C /* FirebaseStorageSwift-Beta */,
			);
			productName = HealthJournal;
			productReference = EE110995280EA08D00F99B59 /* HealthJournal.app */;
			productType = "com.apple.product-type.application";
		};
/* End PBXNativeTarget section */

/* Begin PBXProject section */
		EE11098D280EA08D00F99B59 /* Project object */ = {
			isa = PBXProject;
			attributes = {
				BuildIndependentTargetsInParallel = 1;
				LastSwiftUpdateCheck = 1330;
				LastUpgradeCheck = 1330;
				TargetAttributes = {
					EE110994280EA08D00F99B59 = {
						CreatedOnToolsVersion = 13.3.1;
					};
				};
			};
			buildConfigurationList = EE110990280EA08D00F99B59 /* Build configuration list for PBXProject "HealthJournal" */;
			compatibilityVersion = "Xcode 13.0";
			developmentRegion = en;
			hasScannedForEncodings = 0;
			knownRegions = (
				en,
				Base,
			);
			mainGroup = EE11098C280EA08D00F99B59;
			packageReferences = (
				59091F5A28209CA400A0C59C /* XCRemoteSwiftPackageReference "firebase-ios-sdk" */,
			);
			productRefGroup = EE110996280EA08D00F99B59 /* Products */;
			projectDirPath = "";
			projectRoot = "";
			targets = (
				EE110994280EA08D00F99B59 /* HealthJournal */,
			);
		};
/* End PBXProject section */

/* Begin PBXResourcesBuildPhase section */
		EE110993280EA08D00F99B59 /* Resources */ = {
			isa = PBXResourcesBuildPhase;
			buildActionMask = 2147483647;
			files = (
				59091FB12820A88200A0C59C /* Roboto-ThinItalic.ttf in Resources */,
				EE1109A0280EA08F00F99B59 /* Preview Assets.xcassets in Resources */,
				EE11099D280EA08F00F99B59 /* Assets.xcassets in Resources */,
				59091FB02820A88200A0C59C /* Roboto-LightItalic.ttf in Resources */,
				59091FA82820A88200A0C59C /* Roboto-Light.ttf in Resources */,
				59091FA72820A88200A0C59C /* Roboto-Regular.ttf in Resources */,
				59091FAA2820A88200A0C59C /* Roboto-MediumItalic.ttf in Resources */,
				59091FAF2820A88200A0C59C /* Roboto-Italic.ttf in Resources */,
				59091FAD2820A88200A0C59C /* Roboto-Black.ttf in Resources */,
				59091FA62820A88200A0C59C /* Roboto-Bold.ttf in Resources */,
				59091FAE2820A88200A0C59C /* Roboto-BlackItalic.ttf in Resources */,
				59091FA92820A88200A0C59C /* Roboto-BoldItalic.ttf in Resources */,
				59091F982820A0D100A0C59C /* GoogleService-Info.plist in Resources */,
				59091FAC2820A88200A0C59C /* Roboto-Thin.ttf in Resources */,
				59091FAB2820A88200A0C59C /* Roboto-Medium.ttf in Resources */,
			);
			runOnlyForDeploymentPostprocessing = 0;
		};
/* End PBXResourcesBuildPhase section */

/* Begin PBXSourcesBuildPhase section */
		EE110991280EA08D00F99B59 /* Sources */ = {
			isa = PBXSourcesBuildPhase;
			buildActionMask = 2147483647;
			files = (
				EE11099B280EA08D00F99B59 /* ContentView.swift in Sources */,
				EE1109BA28165F4100F99B59 /* QuizPage.swift in Sources */,
				EEE8EDB8281784BE009ED204 /* JournalRepository.swift in Sources */,
				EE1109B2280FF70B00F99B59 /* QuoteView.swift in Sources */,
				EE1109B828165F1100F99B59 /* SelectionRow.swift in Sources */,
				EE1109BE28166B5500F99B59 /* Tab.swift in Sources */,
				EE1109B0280FF0EF00F99B59 /* LandingPage.swift in Sources */,
				EE1109BC2816690E00F99B59 /* JournalListView.swift in Sources */,
				EE110999280EA08D00F99B59 /* HealthJournalApp.swift in Sources */,
				EE522EE9281EBC8700126427 /* JournalEntryView.swift in Sources */,
				EE522EE5281BD27400126427 /* AuthenticationService.swift in Sources */,
				EE1109AC280EA97700F99B59 /* JournalView.swift in Sources */,
				EE1109AA280EA6C200F99B59 /* Journal.swift in Sources */,
				EE522EE228193E5E00126427 /* JournalViewModel.swift in Sources */,
				EE522EE02817BC0500126427 /* JournalListViewModel.swift in Sources */,
				EE1109C028166CC600F99B59 /* MainPage.swift in Sources */,
			);
			runOnlyForDeploymentPostprocessing = 0;
		};
/* End PBXSourcesBuildPhase section */

/* Begin XCBuildConfiguration section */
		EE1109A1280EA08F00F99B59 /* Debug */ = {
			isa = XCBuildConfiguration;
			buildSettings = {
				ALWAYS_SEARCH_USER_PATHS = NO;
				CLANG_ANALYZER_NONNULL = YES;
				CLANG_ANALYZER_NUMBER_OBJECT_CONVERSION = YES_AGGRESSIVE;
				CLANG_CXX_LANGUAGE_STANDARD = "gnu++17";
				CLANG_ENABLE_MODULES = YES;
				CLANG_ENABLE_OBJC_ARC = YES;
				CLANG_ENABLE_OBJC_WEAK = YES;
				CLANG_WARN_BLOCK_CAPTURE_AUTORELEASING = YES;
				CLANG_WARN_BOOL_CONVERSION = YES;
				CLANG_WARN_COMMA = YES;
				CLANG_WARN_CONSTANT_CONVERSION = YES;
				CLANG_WARN_DEPRECATED_OBJC_IMPLEMENTATIONS = YES;
				CLANG_WARN_DIRECT_OBJC_ISA_USAGE = YES_ERROR;
				CLANG_WARN_DOCUMENTATION_COMMENTS = YES;
				CLANG_WARN_EMPTY_BODY = YES;
				CLANG_WARN_ENUM_CONVERSION = YES;
				CLANG_WARN_INFINITE_RECURSION = YES;
				CLANG_WARN_INT_CONVERSION = YES;
				CLANG_WARN_NON_LITERAL_NULL_CONVERSION = YES;
				CLANG_WARN_OBJC_IMPLICIT_RETAIN_SELF = YES;
				CLANG_WARN_OBJC_LITERAL_CONVERSION = YES;
				CLANG_WARN_OBJC_ROOT_CLASS = YES_ERROR;
				CLANG_WARN_QUOTED_INCLUDE_IN_FRAMEWORK_HEADER = YES;
				CLANG_WARN_RANGE_LOOP_ANALYSIS = YES;
				CLANG_WARN_STRICT_PROTOTYPES = YES;
				CLANG_WARN_SUSPICIOUS_MOVE = YES;
				CLANG_WARN_UNGUARDED_AVAILABILITY = YES_AGGRESSIVE;
				CLANG_WARN_UNREACHABLE_CODE = YES;
				CLANG_WARN__DUPLICATE_METHOD_MATCH = YES;
				COPY_PHASE_STRIP = NO;
				DEBUG_INFORMATION_FORMAT = dwarf;
				ENABLE_STRICT_OBJC_MSGSEND = YES;
				ENABLE_TESTABILITY = YES;
				GCC_C_LANGUAGE_STANDARD = gnu11;
				GCC_DYNAMIC_NO_PIC = NO;
				GCC_NO_COMMON_BLOCKS = YES;
				GCC_OPTIMIZATION_LEVEL = 0;
				GCC_PREPROCESSOR_DEFINITIONS = (
					"DEBUG=1",
					"$(inherited)",
				);
				GCC_WARN_64_TO_32_BIT_CONVERSION = YES;
				GCC_WARN_ABOUT_RETURN_TYPE = YES_ERROR;
				GCC_WARN_UNDECLARED_SELECTOR = YES;
				GCC_WARN_UNINITIALIZED_AUTOS = YES_AGGRESSIVE;
				GCC_WARN_UNUSED_FUNCTION = YES;
				GCC_WARN_UNUSED_VARIABLE = YES;
				IPHONEOS_DEPLOYMENT_TARGET = 15.0;
				MTL_ENABLE_DEBUG_INFO = INCLUDE_SOURCE;
				MTL_FAST_MATH = YES;
				ONLY_ACTIVE_ARCH = YES;
				SDKROOT = iphoneos;
				SWIFT_ACTIVE_COMPILATION_CONDITIONS = DEBUG;
				SWIFT_OPTIMIZATION_LEVEL = "-Onone";
			};
			name = Debug;
		};
		EE1109A2280EA08F00F99B59 /* Release */ = {
			isa = XCBuildConfiguration;
			buildSettings = {
				ALWAYS_SEARCH_USER_PATHS = NO;
				CLANG_ANALYZER_NONNULL = YES;
				CLANG_ANALYZER_NUMBER_OBJECT_CONVERSION = YES_AGGRESSIVE;
				CLANG_CXX_LANGUAGE_STANDARD = "gnu++17";
				CLANG_ENABLE_MODULES = YES;
				CLANG_ENABLE_OBJC_ARC = YES;
				CLANG_ENABLE_OBJC_WEAK = YES;
				CLANG_WARN_BLOCK_CAPTURE_AUTORELEASING = YES;
				CLANG_WARN_BOOL_CONVERSION = YES;
				CLANG_WARN_COMMA = YES;
				CLANG_WARN_CONSTANT_CONVERSION = YES;
				CLANG_WARN_DEPRECATED_OBJC_IMPLEMENTATIONS = YES;
				CLANG_WARN_DIRECT_OBJC_ISA_USAGE = YES_ERROR;
				CLANG_WARN_DOCUMENTATION_COMMENTS = YES;
				CLANG_WARN_EMPTY_BODY = YES;
				CLANG_WARN_ENUM_CONVERSION = YES;
				CLANG_WARN_INFINITE_RECURSION = YES;
				CLANG_WARN_INT_CONVERSION = YES;
				CLANG_WARN_NON_LITERAL_NULL_CONVERSION = YES;
				CLANG_WARN_OBJC_IMPLICIT_RETAIN_SELF = YES;
				CLANG_WARN_OBJC_LITERAL_CONVERSION = YES;
				CLANG_WARN_OBJC_ROOT_CLASS = YES_ERROR;
				CLANG_WARN_QUOTED_INCLUDE_IN_FRAMEWORK_HEADER = YES;
				CLANG_WARN_RANGE_LOOP_ANALYSIS = YES;
				CLANG_WARN_STRICT_PROTOTYPES = YES;
				CLANG_WARN_SUSPICIOUS_MOVE = YES;
				CLANG_WARN_UNGUARDED_AVAILABILITY = YES_AGGRESSIVE;
				CLANG_WARN_UNREACHABLE_CODE = YES;
				CLANG_WARN__DUPLICATE_METHOD_MATCH = YES;
				COPY_PHASE_STRIP = NO;
				DEBUG_INFORMATION_FORMAT = "dwarf-with-dsym";
				ENABLE_NS_ASSERTIONS = NO;
				ENABLE_STRICT_OBJC_MSGSEND = YES;
				GCC_C_LANGUAGE_STANDARD = gnu11;
				GCC_NO_COMMON_BLOCKS = YES;
				GCC_WARN_64_TO_32_BIT_CONVERSION = YES;
				GCC_WARN_ABOUT_RETURN_TYPE = YES_ERROR;
				GCC_WARN_UNDECLARED_SELECTOR = YES;
				GCC_WARN_UNINITIALIZED_AUTOS = YES_AGGRESSIVE;
				GCC_WARN_UNUSED_FUNCTION = YES;
				GCC_WARN_UNUSED_VARIABLE = YES;
				IPHONEOS_DEPLOYMENT_TARGET = 15.0;
				MTL_ENABLE_DEBUG_INFO = NO;
				MTL_FAST_MATH = YES;
				SDKROOT = iphoneos;
				SWIFT_COMPILATION_MODE = wholemodule;
				SWIFT_OPTIMIZATION_LEVEL = "-O";
				VALIDATE_PRODUCT = YES;
			};
			name = Release;
		};
		EE1109A4280EA08F00F99B59 /* Debug */ = {
			isa = XCBuildConfiguration;
			buildSettings = {
				ASSETCATALOG_COMPILER_APPICON_NAME = AppIcon;
				ASSETCATALOG_COMPILER_GLOBAL_ACCENT_COLOR_NAME = AccentColor;
				CODE_SIGN_STYLE = Automatic;
				CURRENT_PROJECT_VERSION = 1;
				DEVELOPMENT_ASSET_PATHS = "\"HealthJournal/Preview Content\"";
				DEVELOPMENT_TEAM = SQ29Q6X6KN;
				ENABLE_PREVIEWS = YES;
				GENERATE_INFOPLIST_FILE = YES;
				INFOPLIST_FILE = HealthJournal/Info.plist;
				INFOPLIST_KEY_UIApplicationSceneManifest_Generation = YES;
				INFOPLIST_KEY_UIApplicationSupportsIndirectInputEvents = YES;
				INFOPLIST_KEY_UILaunchScreen_Generation = YES;
				INFOPLIST_KEY_UISupportedInterfaceOrientations_iPad = "UIInterfaceOrientationPortrait UIInterfaceOrientationPortraitUpsideDown UIInterfaceOrientationLandscapeLeft UIInterfaceOrientationLandscapeRight";
				INFOPLIST_KEY_UISupportedInterfaceOrientations_iPhone = "UIInterfaceOrientationPortrait UIInterfaceOrientationLandscapeLeft UIInterfaceOrientationLandscapeRight";
				LD_RUNPATH_SEARCH_PATHS = (
					"$(inherited)",
					"@executable_path/Frameworks",
				);
				MARKETING_VERSION = 1.0;
				PRODUCT_BUNDLE_IDENTIFIER = com.irfan.HealthJournal;
				PRODUCT_NAME = "$(TARGET_NAME)";
				SWIFT_EMIT_LOC_STRINGS = YES;
				SWIFT_VERSION = 5.0;
				TARGETED_DEVICE_FAMILY = "1,2";
			};
			name = Debug;
		};
		EE1109A5280EA08F00F99B59 /* Release */ = {
			isa = XCBuildConfiguration;
			buildSettings = {
				ASSETCATALOG_COMPILER_APPICON_NAME = AppIcon;
				ASSETCATALOG_COMPILER_GLOBAL_ACCENT_COLOR_NAME = AccentColor;
				CODE_SIGN_STYLE = Automatic;
				CURRENT_PROJECT_VERSION = 1;
				DEVELOPMENT_ASSET_PATHS = "\"HealthJournal/Preview Content\"";
				DEVELOPMENT_TEAM = SQ29Q6X6KN;
				ENABLE_PREVIEWS = YES;
				GENERATE_INFOPLIST_FILE = YES;
				INFOPLIST_FILE = HealthJournal/Info.plist;
				INFOPLIST_KEY_UIApplicationSceneManifest_Generation = YES;
				INFOPLIST_KEY_UIApplicationSupportsIndirectInputEvents = YES;
				INFOPLIST_KEY_UILaunchScreen_Generation = YES;
				INFOPLIST_KEY_UISupportedInterfaceOrientations_iPad = "UIInterfaceOrientationPortrait UIInterfaceOrientationPortraitUpsideDown UIInterfaceOrientationLandscapeLeft UIInterfaceOrientationLandscapeRight";
				INFOPLIST_KEY_UISupportedInterfaceOrientations_iPhone = "UIInterfaceOrientationPortrait UIInterfaceOrientationLandscapeLeft UIInterfaceOrientationLandscapeRight";
				LD_RUNPATH_SEARCH_PATHS = (
					"$(inherited)",
					"@executable_path/Frameworks",
				);
				MARKETING_VERSION = 1.0;
				PRODUCT_BUNDLE_IDENTIFIER = com.irfan.HealthJournal;
				PRODUCT_NAME = "$(TARGET_NAME)";
				SWIFT_EMIT_LOC_STRINGS = YES;
				SWIFT_VERSION = 5.0;
				TARGETED_DEVICE_FAMILY = "1,2";
			};
			name = Release;
		};
/* End XCBuildConfiguration section */

/* Begin XCConfigurationList section */
		EE110990280EA08D00F99B59 /* Build configuration list for PBXProject "HealthJournal" */ = {
			isa = XCConfigurationList;
			buildConfigurations = (
				EE1109A1280EA08F00F99B59 /* Debug */,
				EE1109A2280EA08F00F99B59 /* Release */,
			);
			defaultConfigurationIsVisible = 0;
			defaultConfigurationName = Release;
		};
		EE1109A3280EA08F00F99B59 /* Build configuration list for PBXNativeTarget "HealthJournal" */ = {
			isa = XCConfigurationList;
			buildConfigurations = (
				EE1109A4280EA08F00F99B59 /* Debug */,
				EE1109A5280EA08F00F99B59 /* Release */,
			);
			defaultConfigurationIsVisible = 0;
			defaultConfigurationName = Release;
		};
/* End XCConfigurationList section */

/* Begin XCRemoteSwiftPackageReference section */
		59091F5A28209CA400A0C59C /* XCRemoteSwiftPackageReference "firebase-ios-sdk" */ = {
			isa = XCRemoteSwiftPackageReference;
			repositoryURL = "https://github.com/firebase/firebase-ios-sdk.git";
			requirement = {
				kind = upToNextMajorVersion;
				minimumVersion = 8.0.0;
			};
		};
/* End XCRemoteSwiftPackageReference section */

/* Begin XCSwiftPackageProductDependency section */
		59091F5B28209CA400A0C59C /* FirebaseAnalytics */ = {
			isa = XCSwiftPackageProductDependency;
			package = 59091F5A28209CA400A0C59C /* XCRemoteSwiftPackageReference "firebase-ios-sdk" */;
			productName = FirebaseAnalytics;
		};
		59091F5D28209CA400A0C59C /* FirebaseAnalyticsSwift-Beta */ = {
			isa = XCSwiftPackageProductDependency;
			package = 59091F5A28209CA400A0C59C /* XCRemoteSwiftPackageReference "firebase-ios-sdk" */;
			productName = "FirebaseAnalyticsSwift-Beta";
		};
		59091F5F28209CA400A0C59C /* FirebaseAnalyticsWithoutAdIdSupport */ = {
			isa = XCSwiftPackageProductDependency;
			package = 59091F5A28209CA400A0C59C /* XCRemoteSwiftPackageReference "firebase-ios-sdk" */;
			productName = FirebaseAnalyticsWithoutAdIdSupport;
		};
		59091F6128209CA400A0C59C /* FirebaseAppCheck */ = {
			isa = XCSwiftPackageProductDependency;
			package = 59091F5A28209CA400A0C59C /* XCRemoteSwiftPackageReference "firebase-ios-sdk" */;
			productName = FirebaseAppCheck;
		};
		59091F6328209CA400A0C59C /* FirebaseAppDistribution-Beta */ = {
			isa = XCSwiftPackageProductDependency;
			package = 59091F5A28209CA400A0C59C /* XCRemoteSwiftPackageReference "firebase-ios-sdk" */;
			productName = "FirebaseAppDistribution-Beta";
		};
		59091F6528209CA400A0C59C /* FirebaseAuth */ = {
			isa = XCSwiftPackageProductDependency;
			package = 59091F5A28209CA400A0C59C /* XCRemoteSwiftPackageReference "firebase-ios-sdk" */;
			productName = FirebaseAuth;
		};
		59091F6728209CA400A0C59C /* FirebaseAuthCombine-Community */ = {
			isa = XCSwiftPackageProductDependency;
			package = 59091F5A28209CA400A0C59C /* XCRemoteSwiftPackageReference "firebase-ios-sdk" */;
			productName = "FirebaseAuthCombine-Community";
		};
		59091F6928209CA400A0C59C /* FirebaseCrashlytics */ = {
			isa = XCSwiftPackageProductDependency;
			package = 59091F5A28209CA400A0C59C /* XCRemoteSwiftPackageReference "firebase-ios-sdk" */;
			productName = FirebaseCrashlytics;
		};
		59091F6B28209CA400A0C59C /* FirebaseDatabase */ = {
			isa = XCSwiftPackageProductDependency;
			package = 59091F5A28209CA400A0C59C /* XCRemoteSwiftPackageReference "firebase-ios-sdk" */;
			productName = FirebaseDatabase;
		};
		59091F6D28209CA400A0C59C /* FirebaseDatabaseSwift-Beta */ = {
			isa = XCSwiftPackageProductDependency;
			package = 59091F5A28209CA400A0C59C /* XCRemoteSwiftPackageReference "firebase-ios-sdk" */;
			productName = "FirebaseDatabaseSwift-Beta";
		};
		59091F6F28209CA400A0C59C /* FirebaseDynamicLinks */ = {
			isa = XCSwiftPackageProductDependency;
			package = 59091F5A28209CA400A0C59C /* XCRemoteSwiftPackageReference "firebase-ios-sdk" */;
			productName = FirebaseDynamicLinks;
		};
		59091F7128209CA400A0C59C /* FirebaseFirestore */ = {
			isa = XCSwiftPackageProductDependency;
			package = 59091F5A28209CA400A0C59C /* XCRemoteSwiftPackageReference "firebase-ios-sdk" */;
			productName = FirebaseFirestore;
		};
		59091F7328209CA400A0C59C /* FirebaseFirestoreCombine-Community */ = {
			isa = XCSwiftPackageProductDependency;
			package = 59091F5A28209CA400A0C59C /* XCRemoteSwiftPackageReference "firebase-ios-sdk" */;
			productName = "FirebaseFirestoreCombine-Community";
		};
		59091F7528209CA400A0C59C /* FirebaseFirestoreSwift-Beta */ = {
			isa = XCSwiftPackageProductDependency;
			package = 59091F5A28209CA400A0C59C /* XCRemoteSwiftPackageReference "firebase-ios-sdk" */;
			productName = "FirebaseFirestoreSwift-Beta";
		};
		59091F7728209CA400A0C59C /* FirebaseFunctions */ = {
			isa = XCSwiftPackageProductDependency;
			package = 59091F5A28209CA400A0C59C /* XCRemoteSwiftPackageReference "firebase-ios-sdk" */;
			productName = FirebaseFunctions;
		};
		59091F7928209CA400A0C59C /* FirebaseFunctionsCombine-Community */ = {
			isa = XCSwiftPackageProductDependency;
			package = 59091F5A28209CA400A0C59C /* XCRemoteSwiftPackageReference "firebase-ios-sdk" */;
			productName = "FirebaseFunctionsCombine-Community";
		};
		59091F7B28209CA400A0C59C /* FirebaseFunctionsSwift-Beta */ = {
			isa = XCSwiftPackageProductDependency;
			package = 59091F5A28209CA400A0C59C /* XCRemoteSwiftPackageReference "firebase-ios-sdk" */;
			productName = "FirebaseFunctionsSwift-Beta";
		};
		59091F7D28209CA400A0C59C /* FirebaseInAppMessaging-Beta */ = {
			isa = XCSwiftPackageProductDependency;
			package = 59091F5A28209CA400A0C59C /* XCRemoteSwiftPackageReference "firebase-ios-sdk" */;
			productName = "FirebaseInAppMessaging-Beta";
		};
		59091F7F28209CA400A0C59C /* FirebaseInAppMessagingSwift-Beta */ = {
			isa = XCSwiftPackageProductDependency;
			package = 59091F5A28209CA400A0C59C /* XCRemoteSwiftPackageReference "firebase-ios-sdk" */;
			productName = "FirebaseInAppMessagingSwift-Beta";
		};
		59091F8128209CA400A0C59C /* FirebaseInstallations */ = {
			isa = XCSwiftPackageProductDependency;
			package = 59091F5A28209CA400A0C59C /* XCRemoteSwiftPackageReference "firebase-ios-sdk" */;
			productName = FirebaseInstallations;
		};
		59091F8328209CA400A0C59C /* FirebaseMLModelDownloader */ = {
			isa = XCSwiftPackageProductDependency;
			package = 59091F5A28209CA400A0C59C /* XCRemoteSwiftPackageReference "firebase-ios-sdk" */;
			productName = FirebaseMLModelDownloader;
		};
		59091F8528209CA400A0C59C /* FirebaseMessaging */ = {
			isa = XCSwiftPackageProductDependency;
			package = 59091F5A28209CA400A0C59C /* XCRemoteSwiftPackageReference "firebase-ios-sdk" */;
			productName = FirebaseMessaging;
		};
		59091F8728209CA400A0C59C /* FirebasePerformance */ = {
			isa = XCSwiftPackageProductDependency;
			package = 59091F5A28209CA400A0C59C /* XCRemoteSwiftPackageReference "firebase-ios-sdk" */;
			productName = FirebasePerformance;
		};
		59091F8928209CA400A0C59C /* FirebaseRemoteConfig */ = {
			isa = XCSwiftPackageProductDependency;
			package = 59091F5A28209CA400A0C59C /* XCRemoteSwiftPackageReference "firebase-ios-sdk" */;
			productName = FirebaseRemoteConfig;
		};
		59091F8B28209CA400A0C59C /* FirebaseRemoteConfigSwift-Beta */ = {
			isa = XCSwiftPackageProductDependency;
			package = 59091F5A28209CA400A0C59C /* XCRemoteSwiftPackageReference "firebase-ios-sdk" */;
			productName = "FirebaseRemoteConfigSwift-Beta";
		};
		59091F8D28209CA400A0C59C /* FirebaseStorage */ = {
			isa = XCSwiftPackageProductDependency;
			package = 59091F5A28209CA400A0C59C /* XCRemoteSwiftPackageReference "firebase-ios-sdk" */;
			productName = FirebaseStorage;
		};
		59091F8F28209CA400A0C59C /* FirebaseStorageCombine-Community */ = {
			isa = XCSwiftPackageProductDependency;
			package = 59091F5A28209CA400A0C59C /* XCRemoteSwiftPackageReference "firebase-ios-sdk" */;
			productName = "FirebaseStorageCombine-Community";
		};
		59091F9128209CA400A0C59C /* FirebaseStorageSwift-Beta */ = {
			isa = XCSwiftPackageProductDependency;
			package = 59091F5A28209CA400A0C59C /* XCRemoteSwiftPackageReference "firebase-ios-sdk" */;
			productName = "FirebaseStorageSwift-Beta";
		};
/* End XCSwiftPackageProductDependency section */
	};
	rootObject = EE11098D280EA08D00F99B59 /* Project object */;
}
